
Microsoft Visual Studio Solution File, Format Version 12.00
# Visual Studio Version 16
VisualStudioVersion = 16.0.30611.23
MinimumVisualStudioVersion = 10.0.40219.1
Project("{9A19103F-16F7-4668-BE54-9A1E7A4F7556}") = "ControleFinanceiroAPI", "ControleFinanceiroAPI\ControleFinanceiroAPI.csproj", "{58DF2F21-D1F1-419B-B137-549B8354C886}"
EndProject
Project("{9A19103F-16F7-4668-BE54-9A1E7A4F7556}") = "ControleFinanceiro.BLL", "ControleFinenceiro.BLL\ControleFinanceiro.BLL.csproj", "{96829EEC-75E2-47C9-B310-B5AD6E4ED0A0}"
EndProject
Project("{9A19103F-16F7-4668-BE54-9A1E7A4F7556}") = "ControleFinanceiro.DAL", "..\ControleFinanceiro.DAL\ControleFinanceiro.DAL.csproj", "{12F587B2-0181-4787-9843-379EA125760E}"
EndProject
Global
	GlobalSection(SolutionConfigurationPlatforms) = preSolution
		Debug|Any CPU = Debug|Any CPU
		Release|Any CPU = Release|Any CPU
	EndGlobalSection
	GlobalSection(ProjectConfigurationPlatforms) = postSolution
		{58DF2F21-D1F1-419B-B137-549B8354C886}.Debug|Any CPU.ActiveCfg = Debug|Any CPU
		{58DF2F21-D1F1-419B-B137-549B8354C886}.Debug|Any CPU.Build.0 = Debug|Any CPU
		{58DF2F21-D1F1-419B-B137-549B8354C886}.Release|Any CPU.ActiveCfg = Release|Any CPU
		{58DF2F21-D1F1-419B-B137-549B8354C886}.Release|Any CPU.Build.0 = Release|Any CPU
		{96829EEC-75E2-47C9-B310-B5AD6E4ED0A0}.Debug|Any CPU.ActiveCfg = Debug|Any CPU
		{96829EEC-75E2-47C9-B310-B5AD6E4ED0A0}.Debug|Any CPU.Build.0 = Debug|Any CPU
		{96829EEC-75E2-47C9-B310-B5AD6E4ED0A0}.Release|Any CPU.ActiveCfg = Release|Any CPU
		{96829EEC-75E2-47C9-B310-B5AD6E4ED0A0}.Release|Any CPU.Build.0 = Release|Any CPU
		{12F587B2-0181-4787-9843-379EA125760E}.Debug|Any CPU.ActiveCfg = Debug|Any CPU
		{12F587B2-0181-4787-9843-379EA125760E}.Debug|Any CPU.Build.0 = Debug|Any CPU
		{12F587B2-0181-4787-9843-379EA125760E}.Release|Any CPU.ActiveCfg = Release|Any CPU
		{12F587B2-0181-4787-9843-379EA125760E}.Release|Any CPU.Build.0 = Release|Any CPU
	EndGlobalSection
	GlobalSection(SolutionProperties) = preSolution
		HideSolutionNode = FALSE
	EndGlobalSection
	GlobalSection(ExtensibilityGlobals) = postSolution
		SolutionGuid = {4C7CA56B-53E0-4A62-B869-2D2F5E1ECCF3}
	EndGlobalSection
EndGlobal
